{
  "originHash" : "f402546fefcda8012ea43dd123c2f198e9759f33962ab9904075dda1fba39501",
  "pins" : [
    {
      "identity" : "ios-analytics",
      "kind" : "remoteSourceControl",
      "location" : "git@github.com:TechArtists/ios-analytics.git",
      "state" : {
        "revision" : "aed88aa0262eed284c649c8ef98d700ce615ad29",
        "version" : "0.9.10"
      }
    },
    {
      "identity" : "ios-debug-tools",
      "kind" : "remoteSourceControl",
      "location" : "git@github.com:TechArtists/ios-debug-tools.git",
      "state" : {
        "revision" : "b403e40be9a05e7d3e27ae5e3a1e3d766151a0df",
        "version" : "0.9.3"
      }
    },
    {
      "identity" : "ios-purchases",
      "kind" : "remoteSourceControl",
      "location" : "git@github.com:TechArtists/ios-purchases.git",
      "state" : {
        "revision" : "9c136c167df1c215b92f0cd6dafaeb84066a0d2e",
        "version" : "0.9.3"
      }
    },
    {
      "identity" : "purchases-ios",
      "kind" : "remoteSourceControl",
      "location" : "https://github.com/RevenueCat/purchases-ios.git",
      "state" : {
        "revision" : "4667fb080dea489e3a9a6b5d50e1a8e7deddf878",
        "version" : "5.20.2"
      }
    }
  ],
  "version" : 3
}
